
Microsoft Visual Studio Solution File, Format Version 12.00
# Visual Studio Version 16
VisualStudioVersion = 16.0.32228.343
MinimumVisualStudioVersion = 10.0.40219.1
Project("{FAE04EC0-301F-11D3-BF4B-00C04F79EFBC}") = "eTickets", "eTickets\eTickets.csproj", "{820B7ED5-5DAD-426D-ACAC-F82259B0936F}"
EndProject
Global
	GlobalSection(SolutionConfigurationPlatforms) = preSolution
		Debug|Any CPU = Debug|Any CPU
		Release|Any CPU = Release|Any CPU
	EndGlobalSection
	GlobalSection(ProjectConfigurationPlatforms) = postSolution
		{820B7ED5-5DAD-426D-ACAC-F82259B0936F}.Debug|Any CPU.ActiveCfg = Debug|Any CPU
		{820B7ED5-5DAD-426D-ACAC-F82259B0936F}.Debug|Any CPU.Build.0 = Debug|Any CPU
		{820B7ED5-5DAD-426D-ACAC-F82259B0936F}.Release|Any CPU.ActiveCfg = Release|Any CPU
		{820B7ED5-5DAD-426D-ACAC-F82259B0936F}.Release|Any CPU.Build.0 = Release|Any CPU
	EndGlobalSection
	GlobalSection(SolutionProperties) = preSolution
		HideSolutionNode = FALSE
	EndGlobalSection
	GlobalSection(ExtensibilityGlobals) = postSolution
		SolutionGuid = {B7331514-A345-4F96-8201-8A0D84F381CE}
	EndGlobalSection
EndGlobal
